
Microsoft Visual Studio Solution File, Format Version 12.00
# Visual Studio Version 17
VisualStudioVersion = 17.8.34330.188
MinimumVisualStudioVersion = 10.0.40219.1
Project("{FAE04EC0-301F-11D3-BF4B-00C04F79EFBC}") = "ShopeForHomeAPI", "ShopeForHomeAPI.csproj", "{E74E5CBD-561F-455A-B6AF-DD072BF2FFD7}"
EndProject
Global
	GlobalSection(SolutionConfigurationPlatforms) = preSolution
		Debug|Any CPU = Debug|Any CPU
		Release|Any CPU = Release|Any CPU
	EndGlobalSection
	GlobalSection(ProjectConfigurationPlatforms) = postSolution
		{E74E5CBD-561F-455A-B6AF-DD072BF2FFD7}.Debug|Any CPU.ActiveCfg = Debug|Any CPU
		{E74E5CBD-561F-455A-B6AF-DD072BF2FFD7}.Debug|Any CPU.Build.0 = Debug|Any CPU
		{E74E5CBD-561F-455A-B6AF-DD072BF2FFD7}.Release|Any CPU.ActiveCfg = Release|Any CPU
		{E74E5CBD-561F-455A-B6AF-DD072BF2FFD7}.Release|Any CPU.Build.0 = Release|Any CPU
	EndGlobalSection
	GlobalSection(SolutionProperties) = preSolution
		HideSolutionNode = FALSE
	EndGlobalSection
	GlobalSection(ExtensibilityGlobals) = postSolution
		SolutionGuid = {16973968-791F-47A3-849E-FB9A957FD27A}
	EndGlobalSection
EndGlobal
